// !$*UTF8*$!
{
	archiveVersion = 1;
	classes = {
	};
	objectVersion = 46;
	objects = {

/* Begin PBXBuildFile section */
		6315B3CD15D18746008D2A7C /* NewsViewController.m in Sources */ = {isa = PBXBuildFile; fileRef = 6315B3CC15D18746008D2A7C /* NewsViewController.m */; };
		6315B3D015D1875A008D2A7C /* NewDetailViewController.m in Sources */ = {isa = PBXBuildFile; fileRef = 6315B3CF15D1875A008D2A7C /* NewDetailViewController.m */; };
		6315B3D315D1877D008D2A7C /* TracksViewController.m in Sources */ = {isa = PBXBuildFile; fileRef = 6315B3D215D1877D008D2A7C /* TracksViewController.m */; };
		6315B3D615D1879F008D2A7C /* MeetingDetailViewController.m in Sources */ = {isa = PBXBuildFile; fileRef = 6315B3D515D1879F008D2A7C /* MeetingDetailViewController.m */; };
		6315B3D915D187B6008D2A7C /* HeadquarterViewController.m in Sources */ = {isa = PBXBuildFile; fileRef = 6315B3D815D187B6008D2A7C /* HeadquarterViewController.m */; };
		6315B3DB15D187DB008D2A7C /* NewsView.xib in Resources */ = {isa = PBXBuildFile; fileRef = 6315B3DA15D187DB008D2A7C /* NewsView.xib */; };
		6315B3DD15D187F1008D2A7C /* NewDetailView.xib in Resources */ = {isa = PBXBuildFile; fileRef = 6315B3DC15D187F1008D2A7C /* NewDetailView.xib */; };
		6315B3DF15D18800008D2A7C /* TracksView.xib in Resources */ = {isa = PBXBuildFile; fileRef = 6315B3DE15D18800008D2A7C /* TracksView.xib */; };
		6315B3E115D18829008D2A7C /* MeetingDetailView.xib in Resources */ = {isa = PBXBuildFile; fileRef = 6315B3E015D18829008D2A7C /* MeetingDetailView.xib */; };
		6315B3E315D1883C008D2A7C /* HeadquarterView.xib in Resources */ = {isa = PBXBuildFile; fileRef = 6315B3E215D1883C008D2A7C /* HeadquarterView.xib */; };
		63A5093115D19C21004799F0 /* talks.png in Resources */ = {isa = PBXBuildFile; fileRef = 63A5092F15D19C21004799F0 /* talks.png */; };
		63A5093215D19C21004799F0 /* talks@2x.png in Resources */ = {isa = PBXBuildFile; fileRef = 63A5093015D19C21004799F0 /* talks@2x.png */; };
		63A5093515D19D48004799F0 /* headquarter.png in Resources */ = {isa = PBXBuildFile; fileRef = 63A5093315D19D48004799F0 /* headquarter.png */; };
		63A5093615D19D48004799F0 /* headquarter@2x.png in Resources */ = {isa = PBXBuildFile; fileRef = 63A5093415D19D48004799F0 /* headquarter@2x.png */; };
		63A5093915D19EAB004799F0 /* news.png in Resources */ = {isa = PBXBuildFile; fileRef = 63A5093715D19EAB004799F0 /* news.png */; };
		63A5093A15D19EAB004799F0 /* news@2x.png in Resources */ = {isa = PBXBuildFile; fileRef = 63A5093815D19EAB004799F0 /* news@2x.png */; };
		63D5832B15D1852100058CDB /* UIKit.framework in Frameworks */ = {isa = PBXBuildFile; fileRef = 63D5832A15D1852100058CDB /* UIKit.framework */; };
		63D5832D15D1852100058CDB /* Foundation.framework in Frameworks */ = {isa = PBXBuildFile; fileRef = 63D5832C15D1852100058CDB /* Foundation.framework */; };
		63D5832F15D1852100058CDB /* CoreGraphics.framework in Frameworks */ = {isa = PBXBuildFile; fileRef = 63D5832E15D1852100058CDB /* CoreGraphics.framework */; };
		63D5833115D1852100058CDB /* CoreData.framework in Frameworks */ = {isa = PBXBuildFile; fileRef = 63D5833015D1852100058CDB /* CoreData.framework */; };
		63D5833715D1852100058CDB /* InfoPlist.strings in Resources */ = {isa = PBXBuildFile; fileRef = 63D5833515D1852100058CDB /* InfoPlist.strings */; };
		63D5833915D1852100058CDB /* main.m in Sources */ = {isa = PBXBuildFile; fileRef = 63D5833815D1852100058CDB /* main.m */; };
		63D5833D15D1852100058CDB /* AppDelegate.m in Sources */ = {isa = PBXBuildFile; fileRef = 63D5833C15D1852100058CDB /* AppDelegate.m */; };
		63D5834015D1852100058CDB /* barcamp_app.xcdatamodeld in Sources */ = {isa = PBXBuildFile; fileRef = 63D5833E15D1852100058CDB /* barcamp_app.xcdatamodeld */; };
/* End PBXBuildFile section */

/* Begin PBXFileReference section */
		6315B3CB15D18746008D2A7C /* NewsViewController.h */ = {isa = PBXFileReference; fileEncoding = 4; lastKnownFileType = sourcecode.c.h; name = NewsViewController.h; path = Controller/NewsViewController.h; sourceTree = "<group>"; };
		6315B3CC15D18746008D2A7C /* NewsViewController.m */ = {isa = PBXFileReference; fileEncoding = 4; lastKnownFileType = sourcecode.c.objc; name = NewsViewController.m; path = Controller/NewsViewController.m; sourceTree = "<group>"; };
		6315B3CE15D1875A008D2A7C /* NewDetailViewController.h */ = {isa = PBXFileReference; fileEncoding = 4; lastKnownFileType = sourcecode.c.h; name = NewDetailViewController.h; path = Controller/NewDetailViewController.h; sourceTree = "<group>"; };
		6315B3CF15D1875A008D2A7C /* NewDetailViewController.m */ = {isa = PBXFileReference; fileEncoding = 4; lastKnownFileType = sourcecode.c.objc; name = NewDetailViewController.m; path = Controller/NewDetailViewController.m; sourceTree = "<group>"; };
		6315B3D115D1877D008D2A7C /* TracksViewController.h */ = {isa = PBXFileReference; fileEncoding = 4; lastKnownFileType = sourcecode.c.h; name = TracksViewController.h; path = Controller/TracksViewController.h; sourceTree = "<group>"; };
		6315B3D215D1877D008D2A7C /* TracksViewController.m */ = {isa = PBXFileReference; fileEncoding = 4; lastKnownFileType = sourcecode.c.objc; name = TracksViewController.m; path = Controller/TracksViewController.m; sourceTree = "<group>"; };
		6315B3D415D1879F008D2A7C /* MeetingDetailViewController.h */ = {isa = PBXFileReference; fileEncoding = 4; lastKnownFileType = sourcecode.c.h; name = MeetingDetailViewController.h; path = Controller/MeetingDetailViewController.h; sourceTree = "<group>"; };
		6315B3D515D1879F008D2A7C /* MeetingDetailViewController.m */ = {isa = PBXFileReference; fileEncoding = 4; lastKnownFileType = sourcecode.c.objc; name = MeetingDetailViewController.m; path = Controller/MeetingDetailViewController.m; sourceTree = "<group>"; };
		6315B3D715D187B6008D2A7C /* HeadquarterViewController.h */ = {isa = PBXFileReference; fileEncoding = 4; lastKnownFileType = sourcecode.c.h; name = HeadquarterViewController.h; path = Controller/HeadquarterViewController.h; sourceTree = "<group>"; };
		6315B3D815D187B6008D2A7C /* HeadquarterViewController.m */ = {isa = PBXFileReference; fileEncoding = 4; lastKnownFileType = sourcecode.c.objc; name = HeadquarterViewController.m; path = Controller/HeadquarterViewController.m; sourceTree = "<group>"; };
		6315B3DA15D187DB008D2A7C /* NewsView.xib */ = {isa = PBXFileReference; fileEncoding = 4; lastKnownFileType = file.xib; name = NewsView.xib; path = View/NewsView.xib; sourceTree = "<group>"; };
		6315B3DC15D187F1008D2A7C /* NewDetailView.xib */ = {isa = PBXFileReference; fileEncoding = 4; lastKnownFileType = file.xib; name = NewDetailView.xib; path = View/NewDetailView.xib; sourceTree = "<group>"; };
		6315B3DE15D18800008D2A7C /* TracksView.xib */ = {isa = PBXFileReference; fileEncoding = 4; lastKnownFileType = file.xib; name = TracksView.xib; path = View/TracksView.xib; sourceTree = "<group>"; };
		6315B3E015D18829008D2A7C /* MeetingDetailView.xib */ = {isa = PBXFileReference; fileEncoding = 4; lastKnownFileType = file.xib; name = MeetingDetailView.xib; path = View/MeetingDetailView.xib; sourceTree = "<group>"; };
		6315B3E215D1883C008D2A7C /* HeadquarterView.xib */ = {isa = PBXFileReference; fileEncoding = 4; lastKnownFileType = file.xib; name = HeadquarterView.xib; path = View/HeadquarterView.xib; sourceTree = "<group>"; };
		63A5092F15D19C21004799F0 /* talks.png */ = {isa = PBXFileReference; lastKnownFileType = image.png; name = talks.png; path = "barcamp app/Resources/talks.png"; sourceTree = "<group>"; };
		63A5093015D19C21004799F0 /* talks@2x.png */ = {isa = PBXFileReference; lastKnownFileType = image.png; name = "talks@2x.png"; path = "barcamp app/Resources/talks@2x.png"; sourceTree = "<group>"; };
		63A5093315D19D48004799F0 /* headquarter.png */ = {isa = PBXFileReference; lastKnownFileType = image.png; name = headquarter.png; path = "barcamp app/Resources/headquarter.png"; sourceTree = "<group>"; };
		63A5093415D19D48004799F0 /* headquarter@2x.png */ = {isa = PBXFileReference; lastKnownFileType = image.png; name = "headquarter@2x.png"; path = "barcamp app/Resources/headquarter@2x.png"; sourceTree = "<group>"; };
		63A5093715D19EAB004799F0 /* news.png */ = {isa = PBXFileReference; lastKnownFileType = image.png; name = news.png; path = "barcamp app/Resources/news.png"; sourceTree = "<group>"; };
		63A5093815D19EAB004799F0 /* news@2x.png */ = {isa = PBXFileReference; lastKnownFileType = image.png; name = "news@2x.png"; path = "barcamp app/Resources/news@2x.png"; sourceTree = "<group>"; };
		63D5832615D1852100058CDB /* barcamp app.app */ = {isa = PBXFileReference; explicitFileType = wrapper.application; includeInIndex = 0; path = "barcamp app.app"; sourceTree = BUILT_PRODUCTS_DIR; };
		63D5832A15D1852100058CDB /* UIKit.framework */ = {isa = PBXFileReference; lastKnownFileType = wrapper.framework; name = UIKit.framework; path = System/Library/Frameworks/UIKit.framework; sourceTree = SDKROOT; };
		63D5832C15D1852100058CDB /* Foundation.framework */ = {isa = PBXFileReference; lastKnownFileType = wrapper.framework; name = Foundation.framework; path = System/Library/Frameworks/Foundation.framework; sourceTree = SDKROOT; };
		63D5832E15D1852100058CDB /* CoreGraphics.framework */ = {isa = PBXFileReference; lastKnownFileType = wrapper.framework; name = CoreGraphics.framework; path = System/Library/Frameworks/CoreGraphics.framework; sourceTree = SDKROOT; };
		63D5833015D1852100058CDB /* CoreData.framework */ = {isa = PBXFileReference; lastKnownFileType = wrapper.framework; name = CoreData.framework; path = System/Library/Frameworks/CoreData.framework; sourceTree = SDKROOT; };
		63D5833415D1852100058CDB /* barcamp app-Info.plist */ = {isa = PBXFileReference; lastKnownFileType = text.plist.xml; path = "barcamp app-Info.plist"; sourceTree = "<group>"; };
		63D5833615D1852100058CDB /* en */ = {isa = PBXFileReference; lastKnownFileType = text.plist.strings; name = en; path = en.lproj/InfoPlist.strings; sourceTree = "<group>"; };
		63D5833815D1852100058CDB /* main.m */ = {isa = PBXFileReference; lastKnownFileType = sourcecode.c.objc; path = main.m; sourceTree = "<group>"; };
		63D5833A15D1852100058CDB /* barcamp app-Prefix.pch */ = {isa = PBXFileReference; lastKnownFileType = sourcecode.c.h; path = "barcamp app-Prefix.pch"; sourceTree = "<group>"; };
		63D5833B15D1852100058CDB /* AppDelegate.h */ = {isa = PBXFileReference; lastKnownFileType = sourcecode.c.h; path = AppDelegate.h; sourceTree = "<group>"; };
		63D5833C15D1852100058CDB /* AppDelegate.m */ = {isa = PBXFileReference; lastKnownFileType = sourcecode.c.objc; path = AppDelegate.m; sourceTree = "<group>"; };
		63D5833F15D1852100058CDB /* barcamp_app.xcdatamodel */ = {isa = PBXFileReference; lastKnownFileType = wrapper.xcdatamodel; path = barcamp_app.xcdatamodel; sourceTree = "<group>"; };
/* End PBXFileReference section */

/* Begin PBXFrameworksBuildPhase section */
		63D5832315D1852100058CDB /* Frameworks */ = {
			isa = PBXFrameworksBuildPhase;
			buildActionMask = 2147483647;
			files = (
				63D5832B15D1852100058CDB /* UIKit.framework in Frameworks */,
				63D5832D15D1852100058CDB /* Foundation.framework in Frameworks */,
				63D5832F15D1852100058CDB /* CoreGraphics.framework in Frameworks */,
				63D5833115D1852100058CDB /* CoreData.framework in Frameworks */,
			);
			runOnlyForDeploymentPostprocessing = 0;
		};
/* End PBXFrameworksBuildPhase section */

/* Begin PBXGroup section */
		6315B3C115D1864E008D2A7C /* Model */ = {
			isa = PBXGroup;
			children = (
				6315B3C515D18669008D2A7C /* DTO */,
				6315B3C415D18662008D2A7C /* Domain */,
				6315B3C315D1865B008D2A7C /* DAO */,
			);
			name = Model;
			sourceTree = "<group>";
		};
		6315B3C315D1865B008D2A7C /* DAO */ = {
			isa = PBXGroup;
			children = (
			);
			name = DAO;
			sourceTree = "<group>";
		};
		6315B3C415D18662008D2A7C /* Domain */ = {
			isa = PBXGroup;
			children = (
			);
			name = Domain;
			sourceTree = "<group>";
		};
		6315B3C515D18669008D2A7C /* DTO */ = {
			isa = PBXGroup;
			children = (
			);
			name = DTO;
			sourceTree = "<group>";
		};
		6315B3C615D1866D008D2A7C /* View */ = {
			isa = PBXGroup;
			children = (
				6315B3DA15D187DB008D2A7C /* NewsView.xib */,
				6315B3DC15D187F1008D2A7C /* NewDetailView.xib */,
				6315B3DE15D18800008D2A7C /* TracksView.xib */,
				6315B3E015D18829008D2A7C /* MeetingDetailView.xib */,
				6315B3E215D1883C008D2A7C /* HeadquarterView.xib */,
			);
			name = View;
			sourceTree = "<group>";
		};
		6315B3C715D18678008D2A7C /* Controller */ = {
			isa = PBXGroup;
			children = (
				6315B3C915D186B2008D2A7C /* Facade */,
				6315B3C815D1867E008D2A7C /* Services */,
				6315B3CB15D18746008D2A7C /* NewsViewController.h */,
				6315B3CC15D18746008D2A7C /* NewsViewController.m */,
				6315B3CE15D1875A008D2A7C /* NewDetailViewController.h */,
				6315B3CF15D1875A008D2A7C /* NewDetailViewController.m */,
				6315B3D115D1877D008D2A7C /* TracksViewController.h */,
				6315B3D215D1877D008D2A7C /* TracksViewController.m */,
				6315B3D415D1879F008D2A7C /* MeetingDetailViewController.h */,
				6315B3D515D1879F008D2A7C /* MeetingDetailViewController.m */,
				6315B3D715D187B6008D2A7C /* HeadquarterViewController.h */,
				6315B3D815D187B6008D2A7C /* HeadquarterViewController.m */,
			);
			name = Controller;
			sourceTree = "<group>";
		};
		6315B3C815D1867E008D2A7C /* Services */ = {
			isa = PBXGroup;
			children = (
			);
			name = Services;
			sourceTree = "<group>";
		};
		6315B3C915D186B2008D2A7C /* Facade */ = {
			isa = PBXGroup;
			children = (
			);
			name = Facade;
			sourceTree = "<group>";
		};
		6315B3CA15D186C2008D2A7C /* Resources */ = {
			isa = PBXGroup;
			children = (
				63A5093715D19EAB004799F0 /* news.png */,
				63A5093815D19EAB004799F0 /* news@2x.png */,
				63A5093315D19D48004799F0 /* headquarter.png */,
				63A5093415D19D48004799F0 /* headquarter@2x.png */,
				63A5092F15D19C21004799F0 /* talks.png */,
				63A5093015D19C21004799F0 /* talks@2x.png */,
				63D5833E15D1852100058CDB /* barcamp_app.xcdatamodeld */,
			);
			name = Resources;
			sourceTree = "<group>";
		};
		63D5831B15D1852100058CDB = {
			isa = PBXGroup;
			children = (
				63D5833215D1852100058CDB /* barcamp app */,
				6315B3CA15D186C2008D2A7C /* Resources */,
				63D5832915D1852100058CDB /* Frameworks */,
				63D5832715D1852100058CDB /* Products */,
			);
			sourceTree = "<group>";
		};
		63D5832715D1852100058CDB /* Products */ = {
			isa = PBXGroup;
			children = (
				63D5832615D1852100058CDB /* barcamp app.app */,
			);
			name = Products;
			sourceTree = "<group>";
		};
		63D5832915D1852100058CDB /* Frameworks */ = {
			isa = PBXGroup;
			children = (
				63D5832A15D1852100058CDB /* UIKit.framework */,
				63D5832C15D1852100058CDB /* Foundation.framework */,
				63D5832E15D1852100058CDB /* CoreGraphics.framework */,
				63D5833015D1852100058CDB /* CoreData.framework */,
			);
			name = Frameworks;
			sourceTree = "<group>";
		};
		63D5833215D1852100058CDB /* barcamp app */ = {
			isa = PBXGroup;
			children = (
				63D5833B15D1852100058CDB /* AppDelegate.h */,
				63D5833C15D1852100058CDB /* AppDelegate.m */,
				6315B3C715D18678008D2A7C /* Controller */,
				6315B3C615D1866D008D2A7C /* View */,
				6315B3C115D1864E008D2A7C /* Model */,
				63D5833315D1852100058CDB /* Supporting Files */,
			);
			path = "barcamp app";
			sourceTree = "<group>";
		};
		63D5833315D1852100058CDB /* Supporting Files */ = {
			isa = PBXGroup;
			children = (
				63D5833415D1852100058CDB /* barcamp app-Info.plist */,
				63D5833515D1852100058CDB /* InfoPlist.strings */,
				63D5833815D1852100058CDB /* main.m */,
				63D5833A15D1852100058CDB /* barcamp app-Prefix.pch */,
			);
			name = "Supporting Files";
			sourceTree = "<group>";
		};
/* End PBXGroup section */

/* Begin PBXNativeTarget section */
		63D5832515D1852100058CDB /* barcamp app */ = {
			isa = PBXNativeTarget;
			buildConfigurationList = 63D5834315D1852100058CDB /* Build configuration list for PBXNativeTarget "barcamp app" */;
			buildPhases = (
				63D5832215D1852100058CDB /* Sources */,
				63D5832315D1852100058CDB /* Frameworks */,
				63D5832415D1852100058CDB /* Resources */,
			);
			buildRules = (
			);
			dependencies = (
			);
			name = "barcamp app";
			productName = "barcamp app";
			productReference = 63D5832615D1852100058CDB /* barcamp app.app */;
			productType = "com.apple.product-type.application";
		};
/* End PBXNativeTarget section */

/* Begin PBXProject section */
		63D5831D15D1852100058CDB /* Project object */ = {
			isa = PBXProject;
			attributes = {
				LastUpgradeCheck = 0440;
				ORGANIZATIONNAME = "Álvaro Aroca Munoz";
			};
			buildConfigurationList = 63D5832015D1852100058CDB /* Build configuration list for PBXProject "barcamp app" */;
			compatibilityVersion = "Xcode 3.2";
			developmentRegion = English;
			hasScannedForEncodings = 0;
			knownRegions = (
				en,
			);
			mainGroup = 63D5831B15D1852100058CDB;
			productRefGroup = 63D5832715D1852100058CDB /* Products */;
			projectDirPath = "";
			projectRoot = "";
			targets = (
				63D5832515D1852100058CDB /* barcamp app */,
			);
		};
/* End PBXProject section */

/* Begin PBXResourcesBuildPhase section */
		63D5832415D1852100058CDB /* Resources */ = {
			isa = PBXResourcesBuildPhase;
			buildActionMask = 2147483647;
			files = (
				63D5833715D1852100058CDB /* InfoPlist.strings in Resources */,
				6315B3DB15D187DB008D2A7C /* NewsView.xib in Resources */,
				6315B3DD15D187F1008D2A7C /* NewDetailView.xib in Resources */,
				6315B3DF15D18800008D2A7C /* TracksView.xib in Resources */,
				6315B3E115D18829008D2A7C /* MeetingDetailView.xib in Resources */,
				6315B3E315D1883C008D2A7C /* HeadquarterView.xib in Resources */,
				63A5093115D19C21004799F0 /* talks.png in Resources */,
				63A5093215D19C21004799F0 /* talks@2x.png in Resources */,
				63A5093515D19D48004799F0 /* headquarter.png in Resources */,
				63A5093615D19D48004799F0 /* headquarter@2x.png in Resources */,
				63A5093915D19EAB004799F0 /* news.png in Resources */,
				63A5093A15D19EAB004799F0 /* news@2x.png in Resources */,
			);
			runOnlyForDeploymentPostprocessing = 0;
		};
/* End PBXResourcesBuildPhase section */

/* Begin PBXSourcesBuildPhase section */
		63D5832215D1852100058CDB /* Sources */ = {
			isa = PBXSourcesBuildPhase;
			buildActionMask = 2147483647;
			files = (
				63D5833915D1852100058CDB /* main.m in Sources */,
				63D5833D15D1852100058CDB /* AppDelegate.m in Sources */,
				63D5834015D1852100058CDB /* barcamp_app.xcdatamodeld in Sources */,
				6315B3CD15D18746008D2A7C /* NewsViewController.m in Sources */,
				6315B3D015D1875A008D2A7C /* NewDetailViewController.m in Sources */,
				6315B3D315D1877D008D2A7C /* TracksViewController.m in Sources */,
				6315B3D615D1879F008D2A7C /* MeetingDetailViewController.m in Sources */,
				6315B3D915D187B6008D2A7C /* HeadquarterViewController.m in Sources */,
			);
			runOnlyForDeploymentPostprocessing = 0;
		};
/* End PBXSourcesBuildPhase section */

/* Begin PBXVariantGroup section */
		63D5833515D1852100058CDB /* InfoPlist.strings */ = {
			isa = PBXVariantGroup;
			children = (
				63D5833615D1852100058CDB /* en */,
			);
			name = InfoPlist.strings;
			sourceTree = "<group>";
		};
/* End PBXVariantGroup section */

/* Begin XCBuildConfiguration section */
		63D5834115D1852100058CDB /* Debug */ = {
			isa = XCBuildConfiguration;
			buildSettings = {
				ALWAYS_SEARCH_USER_PATHS = NO;
				ARCHS = "$(ARCHS_STANDARD_32_BIT)";
				CLANG_CXX_LANGUAGE_STANDARD = "gnu++0x";
				CLANG_WARN__DUPLICATE_METHOD_MATCH = YES;
				"CODE_SIGN_IDENTITY[sdk=iphoneos*]" = "iPhone Developer";
				COPY_PHASE_STRIP = NO;
				GCC_C_LANGUAGE_STANDARD = gnu99;
				GCC_DYNAMIC_NO_PIC = NO;
				GCC_OPTIMIZATION_LEVEL = 0;
				GCC_PREPROCESSOR_DEFINITIONS = (
					"DEBUG=1",
					"$(inherited)",
				);
				GCC_SYMBOLS_PRIVATE_EXTERN = NO;
				GCC_VERSION = com.apple.compilers.llvm.clang.1_0;
				GCC_WARN_ABOUT_RETURN_TYPE = YES;
				GCC_WARN_UNINITIALIZED_AUTOS = YES;
				GCC_WARN_UNUSED_VARIABLE = YES;
				IPHONEOS_DEPLOYMENT_TARGET = 4.0;
				SDKROOT = iphoneos;
			};
			name = Debug;
		};
		63D5834215D1852100058CDB /* Release */ = {
			isa = XCBuildConfiguration;
			buildSettings = {
				ALWAYS_SEARCH_USER_PATHS = NO;
				ARCHS = "$(ARCHS_STANDARD_32_BIT)";
				CLANG_CXX_LANGUAGE_STANDARD = "gnu++0x";
				CLANG_WARN__DUPLICATE_METHOD_MATCH = YES;
				"CODE_SIGN_IDENTITY[sdk=iphoneos*]" = "iPhone Developer";
				COPY_PHASE_STRIP = YES;
				GCC_C_LANGUAGE_STANDARD = gnu99;
				GCC_VERSION = com.apple.compilers.llvm.clang.1_0;
				GCC_WARN_ABOUT_RETURN_TYPE = YES;
				GCC_WARN_UNINITIALIZED_AUTOS = YES;
				GCC_WARN_UNUSED_VARIABLE = YES;
				IPHONEOS_DEPLOYMENT_TARGET = 4.0;
				OTHER_CFLAGS = "-DNS_BLOCK_ASSERTIONS=1";
				SDKROOT = iphoneos;
				VALIDATE_PRODUCT = YES;
			};
			name = Release;
		};
		63D5834415D1852100058CDB /* Debug */ = {
			isa = XCBuildConfiguration;
			buildSettings = {
				GCC_PRECOMPILE_PREFIX_HEADER = YES;
				GCC_PREFIX_HEADER = "barcamp app/barcamp app-Prefix.pch";
				INFOPLIST_FILE = "barcamp app/barcamp app-Info.plist";
				PRODUCT_NAME = "$(TARGET_NAME)";
				WRAPPER_EXTENSION = app;
			};
			name = Debug;
		};
		63D5834515D1852100058CDB /* Release */ = {
			isa = XCBuildConfiguration;
			buildSettings = {
				GCC_PRECOMPILE_PREFIX_HEADER = YES;
				GCC_PREFIX_HEADER = "barcamp app/barcamp app-Prefix.pch";
				INFOPLIST_FILE = "barcamp app/barcamp app-Info.plist";
				PRODUCT_NAME = "$(TARGET_NAME)";
				WRAPPER_EXTENSION = app;
			};
			name = Release;
		};
/* End XCBuildConfiguration section */

/* Begin XCConfigurationList section */
		63D5832015D1852100058CDB /* Build configuration list for PBXProject "barcamp app" */ = {
			isa = XCConfigurationList;
			buildConfigurations = (
				63D5834115D1852100058CDB /* Debug */,
				63D5834215D1852100058CDB /* Release */,
			);
			defaultConfigurationIsVisible = 0;
			defaultConfigurationName = Release;
		};
		63D5834315D1852100058CDB /* Build configuration list for PBXNativeTarget "barcamp app" */ = {
			isa = XCConfigurationList;
			buildConfigurations = (
				63D5834415D1852100058CDB /* Debug */,
				63D5834515D1852100058CDB /* Release */,
			);
			defaultConfigurationIsVisible = 0;
			defaultConfigurationName = Release;
		};
/* End XCConfigurationList section */

/* Begin XCVersionGroup section */
		63D5833E15D1852100058CDB /* barcamp_app.xcdatamodeld */ = {
			isa = XCVersionGroup;
			children = (
				63D5833F15D1852100058CDB /* barcamp_app.xcdatamodel */,
			);
			currentVersion = 63D5833F15D1852100058CDB /* barcamp_app.xcdatamodel */;
			name = barcamp_app.xcdatamodeld;
			path = "barcamp app/barcamp_app.xcdatamodeld";
			sourceTree = "<group>";
			versionGroupType = wrapper.xcdatamodel;
		};
/* End XCVersionGroup section */
	};
	rootObject = 63D5831D15D1852100058CDB /* Project object */;
}
